
Microsoft Visual Studio Solution File, Format Version 12.00
# Visual Studio Version 17
VisualStudioVersion = 17.0.31903.59
MinimumVisualStudioVersion = 10.0.40219.1
Project("{2150E333-8FDC-42A3-9474-1A3956D46DE8}") = "src", "src", "{827E0CD3-B72D-47B6-A68D-7590B98EB39B}"
EndProject
Project("{FAE04EC0-301F-11D3-BF4B-00C04F79EFBC}") = "ChildServiceProvider", "src\ChildServiceProvider.csproj", "{44740F66-4A34-49C8-BD0C-7880C8EB0B97}"
EndProject
Project("{2150E333-8FDC-42A3-9474-1A3956D46DE8}") = "tests", "tests", "{0AB3BF05-4346-4AA6-1389-037BE0695223}"
EndProject
Project("{FAE04EC0-301F-11D3-BF4B-00C04F79EFBC}") = "ChildServiceProvider.Tests", "tests\ChildServiceProvider.Tests.csproj", "{C43CCE9C-E64B-43F7-827B-E8B1C7AA4557}"
EndProject
Project("{2150E333-8FDC-42A3-9474-1A3956D46DE8}") = "benchmarks", "benchmarks", "{66320409-64EC-F7C5-3DEF-65E7510DAAD1}"
EndProject
Project("{FAE04EC0-301F-11D3-BF4B-00C04F79EFBC}") = "ChildServiceProvider.Benchmarks", "benchmarks\ChildServiceProvider.Benchmarks.csproj", "{A134C466-6EB4-4FDE-BE93-61C23180CE6A}"
EndProject
Global
	GlobalSection(SolutionConfigurationPlatforms) = preSolution
		Debug|Any CPU = Debug|Any CPU
		Debug|x64 = Debug|x64
		Debug|x86 = Debug|x86
		Release|Any CPU = Release|Any CPU
		Release|x64 = Release|x64
		Release|x86 = Release|x86
	EndGlobalSection
	GlobalSection(ProjectConfigurationPlatforms) = postSolution
		{44740F66-4A34-49C8-BD0C-7880C8EB0B97}.Debug|Any CPU.ActiveCfg = Debug|Any CPU
		{44740F66-4A34-49C8-BD0C-7880C8EB0B97}.Debug|Any CPU.Build.0 = Debug|Any CPU
		{44740F66-4A34-49C8-BD0C-7880C8EB0B97}.Debug|x64.ActiveCfg = Debug|Any CPU
		{44740F66-4A34-49C8-BD0C-7880C8EB0B97}.Debug|x64.Build.0 = Debug|Any CPU
		{44740F66-4A34-49C8-BD0C-7880C8EB0B97}.Debug|x86.ActiveCfg = Debug|Any CPU
		{44740F66-4A34-49C8-BD0C-7880C8EB0B97}.Debug|x86.Build.0 = Debug|Any CPU
		{44740F66-4A34-49C8-BD0C-7880C8EB0B97}.Release|Any CPU.ActiveCfg = Release|Any CPU
		{44740F66-4A34-49C8-BD0C-7880C8EB0B97}.Release|Any CPU.Build.0 = Release|Any CPU
		{44740F66-4A34-49C8-BD0C-7880C8EB0B97}.Release|x64.ActiveCfg = Release|Any CPU
		{44740F66-4A34-49C8-BD0C-7880C8EB0B97}.Release|x64.Build.0 = Release|Any CPU
		{44740F66-4A34-49C8-BD0C-7880C8EB0B97}.Release|x86.ActiveCfg = Release|Any CPU
		{44740F66-4A34-49C8-BD0C-7880C8EB0B97}.Release|x86.Build.0 = Release|Any CPU
		{C43CCE9C-E64B-43F7-827B-E8B1C7AA4557}.Debug|Any CPU.ActiveCfg = Debug|Any CPU
		{C43CCE9C-E64B-43F7-827B-E8B1C7AA4557}.Debug|Any CPU.Build.0 = Debug|Any CPU
		{C43CCE9C-E64B-43F7-827B-E8B1C7AA4557}.Debug|x64.ActiveCfg = Debug|Any CPU
		{C43CCE9C-E64B-43F7-827B-E8B1C7AA4557}.Debug|x64.Build.0 = Debug|Any CPU
		{C43CCE9C-E64B-43F7-827B-E8B1C7AA4557}.Debug|x86.ActiveCfg = Debug|Any CPU
		{C43CCE9C-E64B-43F7-827B-E8B1C7AA4557}.Debug|x86.Build.0 = Debug|Any CPU
		{C43CCE9C-E64B-43F7-827B-E8B1C7AA4557}.Release|Any CPU.ActiveCfg = Release|Any CPU
		{C43CCE9C-E64B-43F7-827B-E8B1C7AA4557}.Release|Any CPU.Build.0 = Release|Any CPU
		{C43CCE9C-E64B-43F7-827B-E8B1C7AA4557}.Release|x64.ActiveCfg = Release|Any CPU
		{C43CCE9C-E64B-43F7-827B-E8B1C7AA4557}.Release|x64.Build.0 = Release|Any CPU
		{C43CCE9C-E64B-43F7-827B-E8B1C7AA4557}.Release|x86.ActiveCfg = Release|Any CPU
		{C43CCE9C-E64B-43F7-827B-E8B1C7AA4557}.Release|x86.Build.0 = Release|Any CPU
		{A134C466-6EB4-4FDE-BE93-61C23180CE6A}.Debug|Any CPU.ActiveCfg = Debug|Any CPU
		{A134C466-6EB4-4FDE-BE93-61C23180CE6A}.Debug|Any CPU.Build.0 = Debug|Any CPU
		{A134C466-6EB4-4FDE-BE93-61C23180CE6A}.Debug|x64.ActiveCfg = Debug|Any CPU
		{A134C466-6EB4-4FDE-BE93-61C23180CE6A}.Debug|x64.Build.0 = Debug|Any CPU
		{A134C466-6EB4-4FDE-BE93-61C23180CE6A}.Debug|x86.ActiveCfg = Debug|Any CPU
		{A134C466-6EB4-4FDE-BE93-61C23180CE6A}.Debug|x86.Build.0 = Debug|Any CPU
		{A134C466-6EB4-4FDE-BE93-61C23180CE6A}.Release|Any CPU.ActiveCfg = Release|Any CPU
		{A134C466-6EB4-4FDE-BE93-61C23180CE6A}.Release|Any CPU.Build.0 = Release|Any CPU
		{A134C466-6EB4-4FDE-BE93-61C23180CE6A}.Release|x64.ActiveCfg = Release|Any CPU
		{A134C466-6EB4-4FDE-BE93-61C23180CE6A}.Release|x64.Build.0 = Release|Any CPU
		{A134C466-6EB4-4FDE-BE93-61C23180CE6A}.Release|x86.ActiveCfg = Release|Any CPU
		{A134C466-6EB4-4FDE-BE93-61C23180CE6A}.Release|x86.Build.0 = Release|Any CPU
	EndGlobalSection
	GlobalSection(SolutionProperties) = preSolution
		HideSolutionNode = FALSE
	EndGlobalSection
	GlobalSection(NestedProjects) = preSolution
		{44740F66-4A34-49C8-BD0C-7880C8EB0B97} = {827E0CD3-B72D-47B6-A68D-7590B98EB39B}
		{C43CCE9C-E64B-43F7-827B-E8B1C7AA4557} = {0AB3BF05-4346-4AA6-1389-037BE0695223}
		{A134C466-6EB4-4FDE-BE93-61C23180CE6A} = {66320409-64EC-F7C5-3DEF-65E7510DAAD1}
	EndGlobalSection
EndGlobal
